
Microsoft Visual Studio Solution File, Format Version 12.00
# Visual Studio 14
VisualStudioVersion = 14.0.24720.0
MinimumVisualStudioVersion = 10.0.40219.1
Project("{FAE04EC0-301F-11D3-BF4B-00C04F79EFBC}") = "HolyStream.Domain", "NoName\HolyStream.Domain.csproj", "{067496D6-F8E1-4B57-B8DF-89CB553A98C5}"
EndProject
Project("{FAE04EC0-301F-11D3-BF4B-00C04F79EFBC}") = "HolyStream.Domain.Mapping", "Domain.Mapping\HolyStream.Domain.Mapping.csproj", "{FE391907-703D-49E6-83DB-084F4C4DA555}"
EndProject
Project("{FAE04EC0-301F-11D3-BF4B-00C04F79EFBC}") = "HolyStream.Factories", "Factories\HolyStream.Factories.csproj", "{6654386A-20D1-4FB8-933E-96F21CABA1DD}"
EndProject
Project("{FAE04EC0-301F-11D3-BF4B-00C04F79EFBC}") = "HolyStream.Repository", "Repository\HolyStream.Repository.csproj", "{6B3A6A03-684A-494D-8A41-5FD314DEC644}"
	ProjectSection(ProjectDependencies) = postProject
		{FE391907-703D-49E6-83DB-084F4C4DA555} = {FE391907-703D-49E6-83DB-084F4C4DA555}
		{067496D6-F8E1-4B57-B8DF-89CB553A98C5} = {067496D6-F8E1-4B57-B8DF-89CB553A98C5}
		{F5BC01DD-6C95-46B0-B5E4-7CE93AA676BB} = {F5BC01DD-6C95-46B0-B5E4-7CE93AA676BB}
	EndProjectSection
EndProject
Project("{FAE04EC0-301F-11D3-BF4B-00C04F79EFBC}") = "HolyStream.Repository.Interfaces", "Repository.Interfaces\HolyStream.Repository.Interfaces.csproj", "{F5BC01DD-6C95-46B0-B5E4-7CE93AA676BB}"
	ProjectSection(ProjectDependencies) = postProject
		{067496D6-F8E1-4B57-B8DF-89CB553A98C5} = {067496D6-F8E1-4B57-B8DF-89CB553A98C5}
	EndProjectSection
EndProject
Project("{2150E333-8FDC-42A3-9474-1A3956D46DE8}") = ".nuget", ".nuget", "{733026B7-171C-4636-A61B-F83A33BACC0E}"
	ProjectSection(SolutionItems) = preProject
		.nuget\NuGet.Config = .nuget\NuGet.Config
		.nuget\NuGet.exe = .nuget\NuGet.exe
		.nuget\NuGet.targets = .nuget\NuGet.targets
	EndProjectSection
EndProject
Project("{FAE04EC0-301F-11D3-BF4B-00C04F79EFBC}") = "HolyStream.Web", "WebLayer\HolyStream.Web.csproj", "{0E90973C-B6B1-495A-9AE9-4371EDD096EC}"
EndProject
Project("{FAE04EC0-301F-11D3-BF4B-00C04F79EFBC}") = "HolyStream.Utils", "Utils\HolyStream.Utils.csproj", "{EF002C0F-BBB3-473D-ADCE-44A143C63C6D}"
EndProject
Project("{FAE04EC0-301F-11D3-BF4B-00C04F79EFBC}") = "HolyStream.Scanner", "Scanner\HolyStream.Scanner.csproj", "{AAFB6AC1-3465-4E17-BF37-2A4C36419CB7}"
EndProject
Project("{2150E333-8FDC-42A3-9474-1A3956D46DE8}") = "Presentation", "Presentation", "{47B087FC-047A-4AD6-BC1B-74DA1A3F8D56}"
EndProject
Project("{2150E333-8FDC-42A3-9474-1A3956D46DE8}") = "Dal", "Dal", "{F9A6E59C-7679-49C9-8346-A1039D06C511}"
EndProject
Project("{2150E333-8FDC-42A3-9474-1A3956D46DE8}") = "Domain", "Domain", "{D4A89C29-5B98-46FE-9566-EAFABB52C440}"
EndProject
Project("{2150E333-8FDC-42A3-9474-1A3956D46DE8}") = "Bll", "Bll", "{F856F809-E31D-4480-BE99-956B3EE2550F}"
EndProject
Global
	GlobalSection(SolutionConfigurationPlatforms) = preSolution
		Debug|Any CPU = Debug|Any CPU
		Release|Any CPU = Release|Any CPU
	EndGlobalSection
	GlobalSection(ProjectConfigurationPlatforms) = postSolution
		{067496D6-F8E1-4B57-B8DF-89CB553A98C5}.Debug|Any CPU.ActiveCfg = Debug|Any CPU
		{067496D6-F8E1-4B57-B8DF-89CB553A98C5}.Debug|Any CPU.Build.0 = Debug|Any CPU
		{067496D6-F8E1-4B57-B8DF-89CB553A98C5}.Release|Any CPU.ActiveCfg = Release|Any CPU
		{067496D6-F8E1-4B57-B8DF-89CB553A98C5}.Release|Any CPU.Build.0 = Release|Any CPU
		{FE391907-703D-49E6-83DB-084F4C4DA555}.Debug|Any CPU.ActiveCfg = Debug|Any CPU
		{FE391907-703D-49E6-83DB-084F4C4DA555}.Debug|Any CPU.Build.0 = Debug|Any CPU
		{FE391907-703D-49E6-83DB-084F4C4DA555}.Release|Any CPU.ActiveCfg = Release|Any CPU
		{FE391907-703D-49E6-83DB-084F4C4DA555}.Release|Any CPU.Build.0 = Release|Any CPU
		{6654386A-20D1-4FB8-933E-96F21CABA1DD}.Debug|Any CPU.ActiveCfg = Debug|Any CPU
		{6654386A-20D1-4FB8-933E-96F21CABA1DD}.Debug|Any CPU.Build.0 = Debug|Any CPU
		{6654386A-20D1-4FB8-933E-96F21CABA1DD}.Release|Any CPU.ActiveCfg = Release|Any CPU
		{6654386A-20D1-4FB8-933E-96F21CABA1DD}.Release|Any CPU.Build.0 = Release|Any CPU
		{6B3A6A03-684A-494D-8A41-5FD314DEC644}.Debug|Any CPU.ActiveCfg = Debug|Any CPU
		{6B3A6A03-684A-494D-8A41-5FD314DEC644}.Debug|Any CPU.Build.0 = Debug|Any CPU
		{6B3A6A03-684A-494D-8A41-5FD314DEC644}.Release|Any CPU.ActiveCfg = Release|Any CPU
		{6B3A6A03-684A-494D-8A41-5FD314DEC644}.Release|Any CPU.Build.0 = Release|Any CPU
		{F5BC01DD-6C95-46B0-B5E4-7CE93AA676BB}.Debug|Any CPU.ActiveCfg = Debug|Any CPU
		{F5BC01DD-6C95-46B0-B5E4-7CE93AA676BB}.Debug|Any CPU.Build.0 = Debug|Any CPU
		{F5BC01DD-6C95-46B0-B5E4-7CE93AA676BB}.Release|Any CPU.ActiveCfg = Release|Any CPU
		{F5BC01DD-6C95-46B0-B5E4-7CE93AA676BB}.Release|Any CPU.Build.0 = Release|Any CPU
		{0E90973C-B6B1-495A-9AE9-4371EDD096EC}.Debug|Any CPU.ActiveCfg = Debug|Any CPU
		{0E90973C-B6B1-495A-9AE9-4371EDD096EC}.Debug|Any CPU.Build.0 = Debug|Any CPU
		{0E90973C-B6B1-495A-9AE9-4371EDD096EC}.Release|Any CPU.ActiveCfg = Release|Any CPU
		{0E90973C-B6B1-495A-9AE9-4371EDD096EC}.Release|Any CPU.Build.0 = Release|Any CPU
		{EF002C0F-BBB3-473D-ADCE-44A143C63C6D}.Debug|Any CPU.ActiveCfg = Debug|Any CPU
		{EF002C0F-BBB3-473D-ADCE-44A143C63C6D}.Debug|Any CPU.Build.0 = Debug|Any CPU
		{EF002C0F-BBB3-473D-ADCE-44A143C63C6D}.Release|Any CPU.ActiveCfg = Release|Any CPU
		{EF002C0F-BBB3-473D-ADCE-44A143C63C6D}.Release|Any CPU.Build.0 = Release|Any CPU
		{AAFB6AC1-3465-4E17-BF37-2A4C36419CB7}.Debug|Any CPU.ActiveCfg = Debug|Any CPU
		{AAFB6AC1-3465-4E17-BF37-2A4C36419CB7}.Debug|Any CPU.Build.0 = Debug|Any CPU
		{AAFB6AC1-3465-4E17-BF37-2A4C36419CB7}.Release|Any CPU.ActiveCfg = Release|Any CPU
		{AAFB6AC1-3465-4E17-BF37-2A4C36419CB7}.Release|Any CPU.Build.0 = Release|Any CPU
	EndGlobalSection
	GlobalSection(SolutionProperties) = preSolution
		HideSolutionNode = FALSE
	EndGlobalSection
	GlobalSection(NestedProjects) = preSolution
		{067496D6-F8E1-4B57-B8DF-89CB553A98C5} = {D4A89C29-5B98-46FE-9566-EAFABB52C440}
		{FE391907-703D-49E6-83DB-084F4C4DA555} = {D4A89C29-5B98-46FE-9566-EAFABB52C440}
		{6654386A-20D1-4FB8-933E-96F21CABA1DD} = {F856F809-E31D-4480-BE99-956B3EE2550F}
		{6B3A6A03-684A-494D-8A41-5FD314DEC644} = {F9A6E59C-7679-49C9-8346-A1039D06C511}
		{F5BC01DD-6C95-46B0-B5E4-7CE93AA676BB} = {F9A6E59C-7679-49C9-8346-A1039D06C511}
		{0E90973C-B6B1-495A-9AE9-4371EDD096EC} = {47B087FC-047A-4AD6-BC1B-74DA1A3F8D56}
		{EF002C0F-BBB3-473D-ADCE-44A143C63C6D} = {D4A89C29-5B98-46FE-9566-EAFABB52C440}
		{AAFB6AC1-3465-4E17-BF37-2A4C36419CB7} = {F856F809-E31D-4480-BE99-956B3EE2550F}
	EndGlobalSection
EndGlobal
